
Microsoft Visual Studio Solution File, Format Version 12.00
# Visual Studio 15
VisualStudioVersion = 15.0.26228.4
MinimumVisualStudioVersion = 10.0.40219.1
Project("{FAE04EC0-301F-11D3-BF4B-00C04F79EFBC}") = "JenkinsUpdateCenter.NET", "src\JenkinsUpdateCenter.NET\JenkinsUpdateCenter.NET.csproj", "{07B0D8BF-1346-4D1D-AFF9-D701FE6D3053}"
EndProject
Project("{2150E333-8FDC-42A3-9474-1A3956D46DE8}") = "src", "src", "{91B9BD1A-4CE8-4B47-BB1B-EC5BDF0F5888}"
EndProject
Global
	GlobalSection(SolutionConfigurationPlatforms) = preSolution
		Debug|Any CPU = Debug|Any CPU
		Release|Any CPU = Release|Any CPU
	EndGlobalSection
	GlobalSection(ProjectConfigurationPlatforms) = postSolution
		{07B0D8BF-1346-4D1D-AFF9-D701FE6D3053}.Debug|Any CPU.ActiveCfg = Debug|Any CPU
		{07B0D8BF-1346-4D1D-AFF9-D701FE6D3053}.Debug|Any CPU.Build.0 = Debug|Any CPU
		{07B0D8BF-1346-4D1D-AFF9-D701FE6D3053}.Release|Any CPU.ActiveCfg = Release|Any CPU
		{07B0D8BF-1346-4D1D-AFF9-D701FE6D3053}.Release|Any CPU.Build.0 = Release|Any CPU
	EndGlobalSection
	GlobalSection(SolutionProperties) = preSolution
		HideSolutionNode = FALSE
	EndGlobalSection
	GlobalSection(NestedProjects) = preSolution
		{07B0D8BF-1346-4D1D-AFF9-D701FE6D3053} = {91B9BD1A-4CE8-4B47-BB1B-EC5BDF0F5888}
	EndGlobalSection
EndGlobal
